<Solution>
  <Project Path="HelloWorld/HelloWorld.csproj" />
  <Project Path="IfCases/IfCases.csproj" Id="0e14f8d0-1fb5-4e23-8fba-a65419664434" />
  <Project Path="KilometersApp/KilometersApp.csproj" />
  <Project Path="NumberRead/NumberRead.csproj" />
  <Project Path="PrintingApp/PrintingApp.csproj" />
  <Project Path="ProductsVat/ProductsVat.csproj" />
  <Project Path="Traveling/Traveling.csproj" Id="cf5b0e96-a43e-4e5a-a581-479c8d0b12c6" />
</Solution>
